Microsoft Visual Studio Solution File, Format Version 12.00
# Visual Studio Version 17
VisualStudioVersion = 17.5.2.0
MinimumVisualStudioVersion = 10.0.40219.1
Project("{FAE04EC0-301F-11D3-BF4B-00C04F79EFBC}") = "Provision41Web", "Provision41Web\Provision41Web.csproj", "{D3D4A576-77E8-BB4E-12AB-E6151C4F985A}"
EndProject
Global
	GlobalSection(SolutionConfigurationPlatforms) = preSolution
		Debug|Any CPU = Debug|Any CPU
		Release|Any CPU = Release|Any CPU
	EndGlobalSection
	GlobalSection(ProjectConfigurationPlatforms) = postSolution
		{D3D4A576-77E8-BB4E-12AB-E6151C4F985A}.Debug|Any CPU.ActiveCfg = Debug|Any CPU
		{D3D4A576-77E8-BB4E-12AB-E6151C4F985A}.Debug|Any CPU.Build.0 = Debug|Any CPU
		{D3D4A576-77E8-BB4E-12AB-E6151C4F985A}.Release|Any CPU.ActiveCfg = Release|Any CPU
		{D3D4A576-77E8-BB4E-12AB-E6151C4F985A}.Release|Any CPU.Build.0 = Release|Any CPU
	EndGlobalSection
	GlobalSection(SolutionProperties) = preSolution
		HideSolutionNode = FALSE
	EndGlobalSection
	GlobalSection(ExtensibilityGlobals) = postSolution
		SolutionGuid = {063874ED-949E-4936-9F52-2C798E15F1D0}
	EndGlobalSection
EndGlobal
